{
  "version": 4,
  "terraform_version": "1.6.6",
  "serial": 16,
  "lineage": "c244b56e-5429-6a10-75ad-d39635637f56",
  "outputs": {
    "namespace": {
      "value": "student-backend",
      "type": "string"
    }
  },
  "resources": [
    {
      "mode": "managed",
      "type": "kubernetes_config_map",
      "name": "prometheus_config",
      "provider": "provider[\"registry.terraform.io/hashicorp/kubernetes\"]",
      "instances": [
        {
          "schema_version": 0,
          "attributes": {
            "binary_data": {},
            "data": {
              "prometheus.yml": "apiVersion: v1\nkind: ConfigMap\nmetadata:\n  name: prometheus-config\ndata:\n  prometheus.yml: |-\n    global:\n      scrape_interval: 15s\n    scrape_configs:\n      - job_name: 'backend'\n        static_configs:\n          - targets: ['backend-service:80']\n"
            },
            "id": "student-backend/prometheus-config",
            "immutable": false,
            "metadata": [
              {
                "annotations": {},
                "generate_name": "",
                "generation": 0,
                "labels": {},
                "name": "prometheus-config",
                "namespace": "student-backend",
                "resource_version": "1766902395",
                "uid": "a97ede08-0f38-4be5-9d75-01bda63a8f78"
              }
            ]
          },
          "sensitive_attributes": [],
          "private": "bnVsbA==",
          "dependencies": [
            "kubernetes_namespace.student_ns"
          ]
        }
      ]
    },
    {
      "mode": "managed",
      "type": "kubernetes_deployment",
      "name": "backend",
      "provider": "provider[\"registry.terraform.io/hashicorp/kubernetes\"]",
      "instances": [
        {
          "schema_version": 1,
          "attributes": {
            "id": "student-backend/backend-deployment",
            "metadata": [
              {
                "annotations": {},
                "generate_name": "",
                "generation": 1,
                "labels": {},
                "name": "backend-deployment",
                "namespace": "student-backend",
                "resource_version": "1766907259",
                "uid": "36c45f95-6b25-4242-9bdf-478678fe2cd1"
              }
            ],
            "spec": [
              {
                "min_ready_seconds": 0,
                "paused": false,
                "progress_deadline_seconds": 600,
                "replicas": "1",
                "revision_history_limit": 10,
                "selector": [
                  {
                    "match_expressions": [],
                    "match_labels": {
                      "app": "backend"
                    }
                  }
                ],
                "strategy": [
                  {
                    "rolling_update": [
                      {
                        "max_surge": "25%",
                        "max_unavailable": "25%"
                      }
                    ],
                    "type": "RollingUpdate"
                  }
                ],
                "template": [
                  {
                    "metadata": [
                      {
                        "annotations": {},
                        "generate_name": "",
                        "generation": 0,
                        "labels": {
                          "app": "backend"
                        },
                        "name": "",
                        "namespace": "",
                        "resource_version": "",
                        "uid": ""
                      }
                    ],
                    "spec": [
                      {
                        "active_deadline_seconds": 0,
                        "affinity": [],
                        "automount_service_account_token": true,
                        "container": [
                          {
                            "args": [],
                            "command": [],
                            "env": [
                              {
                                "name": "DATABASE_URL",
                                "value": "postgresql://postgres:vIb0KKfqE0@pg-postgresql:5432/postgres",
                                "value_from": []
                              },
                              {
                                "name": "REDIS_HOST",
                                "value": "redis-master",
                                "value_from": []
                              },
                              {
                                "name": "REDIS_PORT",
                                "value": "6379",
                                "value_from": []
                              },
                              {
                                "name": "REDIS_PASSWORD",
                                "value": "t8mJPkJxOe",
                                "value_from": []
                              }
                            ],
                            "env_from": [],
                            "image": "sylcantor/k8s-app:v1.2",
                            "image_pull_policy": "IfNotPresent",
                            "lifecycle": [],
                            "liveness_probe": [],
                            "name": "backend",
                            "port": [
                              {
                                "container_port": 8080,
                                "host_ip": "",
                                "host_port": 0,
                                "name": "",
                                "protocol": "TCP"
                              }
                            ],
                            "readiness_probe": [],
                            "resources": [
                              {
                                "limits": {},
                                "requests": {}
                              }
                            ],
                            "security_context": [],
                            "startup_probe": [],
                            "stdin": false,
                            "stdin_once": false,
                            "termination_message_path": "/dev/termination-log",
                            "termination_message_policy": "File",
                            "tty": false,
                            "volume_mount": [],
                            "working_dir": ""
                          }
                        ],
                        "dns_config": [],
                        "dns_policy": "ClusterFirst",
                        "enable_service_links": true,
                        "host_aliases": [],
                        "host_ipc": false,
                        "host_network": false,
                        "host_pid": false,
                        "hostname": "",
                        "image_pull_secrets": [],
                        "init_container": [],
                        "node_name": "",
                        "node_selector": {},
                        "os": [],
                        "priority_class_name": "",
                        "readiness_gate": [],
                        "restart_policy": "Always",
                        "runtime_class_name": "",
                        "scheduler_name": "default-scheduler",
                        "security_context": [],
                        "service_account_name": "",
                        "share_process_namespace": false,
                        "subdomain": "",
                        "termination_grace_period_seconds": 30,
                        "toleration": [],
                        "topology_spread_constraint": [],
                        "volume": []
                      }
                    ]
                  }
                ]
              }
            ],
            "timeouts": null,
            "wait_for_rollout": true
          },
          "sensitive_attributes": [],
          "private": "eyJlMmJmYjczMC1lY2FhLTExZTYtOGY4OC0zNDM2M2JjN2M0YzAiOnsiY3JlYXRlIjo2MDAwMDAwMDAwMDAsImRlbGV0ZSI6NjAwMDAwMDAwMDAwLCJ1cGRhdGUiOjYwMDAwMDAwMDAwMH0sInNjaGVtYV92ZXJzaW9uIjoiMSJ9",
          "dependencies": [
            "kubernetes_namespace.student_ns"
          ]
        }
      ]
    },
    {
      "mode": "managed",
      "type": "kubernetes_deployment",
      "name": "db",
      "provider": "provider[\"registry.terraform.io/hashicorp/kubernetes\"]",
      "instances": [
        {
          "schema_version": 1,
          "attributes": {
            "id": "student-backend/db",
            "metadata": [
              {
                "annotations": {},
                "generate_name": "",
                "generation": 1,
                "labels": {},
                "name": "db",
                "namespace": "student-backend",
                "resource_version": "1766730814",
                "uid": "43f84b39-5d19-40e3-b8f2-05ac1f53b221"
              }
            ],
            "spec": [
              {
                "min_ready_seconds": 0,
                "paused": false,
                "progress_deadline_seconds": 600,
                "replicas": "1",
                "revision_history_limit": 10,
                "selector": [
                  {
                    "match_expressions": [],
                    "match_labels": {
                      "app": "db"
                    }
                  }
                ],
                "strategy": [
                  {
                    "rolling_update": [
                      {
                        "max_surge": "25%",
                        "max_unavailable": "25%"
                      }
                    ],
                    "type": "RollingUpdate"
                  }
                ],
                "template": [
                  {
                    "metadata": [
                      {
                        "annotations": {},
                        "generate_name": "",
                        "generation": 0,
                        "labels": {
                          "app": "db"
                        },
                        "name": "",
                        "namespace": "",
                        "resource_version": "",
                        "uid": ""
                      }
                    ],
                    "spec": [
                      {
                        "active_deadline_seconds": 0,
                        "affinity": [],
                        "automount_service_account_token": true,
                        "container": [
                          {
                            "args": [],
                            "command": [],
                            "env": [
                              {
                                "name": "POSTGRES_USER",
                                "value": "sylcantor",
                                "value_from": []
                              },
                              {
                                "name": "POSTGRES_PASSWORD",
                                "value": "test",
                                "value_from": []
                              },
                              {
                                "name": "POSTGRES_DB",
                                "value": "mydb",
                                "value_from": []
                              }
                            ],
                            "env_from": [],
                            "image": "postgres:13",
                            "image_pull_policy": "IfNotPresent",
                            "lifecycle": [],
                            "liveness_probe": [],
                            "name": "db",
                            "port": [
                              {
                                "container_port": 5432,
                                "host_ip": "",
                                "host_port": 0,
                                "name": "",
                                "protocol": "TCP"
                              }
                            ],
                            "readiness_probe": [],
                            "resources": [
                              {
                                "limits": {},
                                "requests": {}
                              }
                            ],
                            "security_context": [],
                            "startup_probe": [],
                            "stdin": false,
                            "stdin_once": false,
                            "termination_message_path": "/dev/termination-log",
                            "termination_message_policy": "File",
                            "tty": false,
                            "volume_mount": [],
                            "working_dir": ""
                          }
                        ],
                        "dns_config": [],
                        "dns_policy": "ClusterFirst",
                        "enable_service_links": true,
                        "host_aliases": [],
                        "host_ipc": false,
                        "host_network": false,
                        "host_pid": false,
                        "hostname": "",
                        "image_pull_secrets": [],
                        "init_container": [],
                        "node_name": "",
                        "node_selector": {},
                        "os": [],
                        "priority_class_name": "",
                        "readiness_gate": [],
                        "restart_policy": "Always",
                        "runtime_class_name": "",
                        "scheduler_name": "default-scheduler",
                        "security_context": [],
                        "service_account_name": "",
                        "share_process_namespace": false,
                        "subdomain": "",
                        "termination_grace_period_seconds": 30,
                        "toleration": [],
                        "topology_spread_constraint": [],
                        "volume": []
                      }
                    ]
                  }
                ]
              }
            ],
            "timeouts": null,
            "wait_for_rollout": true
          },
          "sensitive_attributes": [],
          "private": "eyJlMmJmYjczMC1lY2FhLTExZTYtOGY4OC0zNDM2M2JjN2M0YzAiOnsiY3JlYXRlIjo2MDAwMDAwMDAwMDAsImRlbGV0ZSI6NjAwMDAwMDAwMDAwLCJ1cGRhdGUiOjYwMDAwMDAwMDAwMH0sInNjaGVtYV92ZXJzaW9uIjoiMSJ9",
          "dependencies": [
            "kubernetes_namespace.student_ns"
          ]
        }
      ]
    },
    {
      "mode": "managed",
      "type": "kubernetes_deployment",
      "name": "prometheus",
      "provider": "provider[\"registry.terraform.io/hashicorp/kubernetes\"]",
      "instances": [
        {
          "schema_version": 1,
          "attributes": {
            "id": "student-backend/prometheus",
            "metadata": [
              {
                "annotations": {},
                "generate_name": "",
                "generation": 1,
                "labels": {},
                "name": "prometheus",
                "namespace": "student-backend",
                "resource_version": "1766818139",
                "uid": "c08a572c-c7d7-44bb-8ff8-35880a128449"
              }
            ],
            "spec": [
              {
                "min_ready_seconds": 0,
                "paused": false,
                "progress_deadline_seconds": 600,
                "replicas": "1",
                "revision_history_limit": 10,
                "selector": [
                  {
                    "match_expressions": [],
                    "match_labels": {
                      "app": "prometheus"
                    }
                  }
                ],
                "strategy": [
                  {
                    "rolling_update": [
                      {
                        "max_surge": "25%",
                        "max_unavailable": "25%"
                      }
                    ],
                    "type": "RollingUpdate"
                  }
                ],
                "template": [
                  {
                    "metadata": [
                      {
                        "annotations": {},
                        "generate_name": "",
                        "generation": 0,
                        "labels": {
                          "app": "prometheus"
                        },
                        "name": "",
                        "namespace": "",
                        "resource_version": "",
                        "uid": ""
                      }
                    ],
                    "spec": [
                      {
                        "active_deadline_seconds": 0,
                        "affinity": [],
                        "automount_service_account_token": true,
                        "container": [
                          {
                            "args": [],
                            "command": [],
                            "env": [],
                            "env_from": [],
                            "image": "prom/prometheus",
                            "image_pull_policy": "Always",
                            "lifecycle": [],
                            "liveness_probe": [],
                            "name": "prometheus",
                            "port": [
                              {
                                "container_port": 9090,
                                "host_ip": "",
                                "host_port": 0,
                                "name": "",
                                "protocol": "TCP"
                              }
                            ],
                            "readiness_probe": [],
                            "resources": [
                              {
                                "limits": {},
                                "requests": {}
                              }
                            ],
                            "security_context": [],
                            "startup_probe": [],
                            "stdin": false,
                            "stdin_once": false,
                            "termination_message_path": "/dev/termination-log",
                            "termination_message_policy": "File",
                            "tty": false,
                            "volume_mount": [
                              {
                                "mount_path": "/etc/prometheus/prometheus.yml",
                                "mount_propagation": "None",
                                "name": "config-volume",
                                "read_only": false,
                                "sub_path": "prometheus.yml"
                              }
                            ],
                            "working_dir": ""
                          }
                        ],
                        "dns_config": [],
                        "dns_policy": "ClusterFirst",
                        "enable_service_links": true,
                        "host_aliases": [],
                        "host_ipc": false,
                        "host_network": false,
                        "host_pid": false,
                        "hostname": "",
                        "image_pull_secrets": [],
                        "init_container": [],
                        "node_name": "",
                        "node_selector": {},
                        "os": [],
                        "priority_class_name": "",
                        "readiness_gate": [],
                        "restart_policy": "Always",
                        "runtime_class_name": "",
                        "scheduler_name": "default-scheduler",
                        "security_context": [],
                        "service_account_name": "",
                        "share_process_namespace": false,
                        "subdomain": "",
                        "termination_grace_period_seconds": 30,
                        "toleration": [],
                        "topology_spread_constraint": [],
                        "volume": [
                          {
                            "aws_elastic_block_store": [],
                            "azure_disk": [],
                            "azure_file": [],
                            "ceph_fs": [],
                            "cinder": [],
                            "config_map": [
                              {
                                "default_mode": "0644",
                                "items": [],
                                "name": "prometheus-config",
                                "optional": false
                              }
                            ],
                            "csi": [],
                            "downward_api": [],
                            "empty_dir": [],
                            "ephemeral": [],
                            "fc": [],
                            "flex_volume": [],
                            "flocker": [],
                            "gce_persistent_disk": [],
                            "git_repo": [],
                            "glusterfs": [],
                            "host_path": [],
                            "iscsi": [],
                            "local": [],
                            "name": "config-volume",
                            "nfs": [],
                            "persistent_volume_claim": [],
                            "photon_persistent_disk": [],
                            "projected": [],
                            "quobyte": [],
                            "rbd": [],
                            "secret": [],
                            "vsphere_volume": []
                          }
                        ]
                      }
                    ]
                  }
                ]
              }
            ],
            "timeouts": null,
            "wait_for_rollout": true
          },
          "sensitive_attributes": [],
          "private": "eyJlMmJmYjczMC1lY2FhLTExZTYtOGY4OC0zNDM2M2JjN2M0YzAiOnsiY3JlYXRlIjo2MDAwMDAwMDAwMDAsImRlbGV0ZSI6NjAwMDAwMDAwMDAwLCJ1cGRhdGUiOjYwMDAwMDAwMDAwMH0sInNjaGVtYV92ZXJzaW9uIjoiMSJ9",
          "dependencies": [
            "kubernetes_config_map.prometheus_config",
            "kubernetes_namespace.student_ns"
          ]
        }
      ]
    },
    {
      "mode": "managed",
      "type": "kubernetes_deployment",
      "name": "redis",
      "provider": "provider[\"registry.terraform.io/hashicorp/kubernetes\"]",
      "instances": [
        {
          "schema_version": 1,
          "attributes": {
            "id": "student-backend/redis",
            "metadata": [
              {
                "annotations": {},
                "generate_name": "",
                "generation": 1,
                "labels": {},
                "name": "redis",
                "namespace": "student-backend",
                "resource_version": "1766730777",
                "uid": "7f012f43-4f49-4ea6-a9e5-fceb965d621e"
              }
            ],
            "spec": [
              {
                "min_ready_seconds": 0,
                "paused": false,
                "progress_deadline_seconds": 600,
                "replicas": "1",
                "revision_history_limit": 10,
                "selector": [
                  {
                    "match_expressions": [],
                    "match_labels": {
                      "app": "redis"
                    }
                  }
                ],
                "strategy": [
                  {
                    "rolling_update": [
                      {
                        "max_surge": "25%",
                        "max_unavailable": "25%"
                      }
                    ],
                    "type": "RollingUpdate"
                  }
                ],
                "template": [
                  {
                    "metadata": [
                      {
                        "annotations": {},
                        "generate_name": "",
                        "generation": 0,
                        "labels": {
                          "app": "redis"
                        },
                        "name": "",
                        "namespace": "",
                        "resource_version": "",
                        "uid": ""
                      }
                    ],
                    "spec": [
                      {
                        "active_deadline_seconds": 0,
                        "affinity": [],
                        "automount_service_account_token": true,
                        "container": [
                          {
                            "args": [],
                            "command": [],
                            "env": [],
                            "env_from": [],
                            "image": "redis:latest",
                            "image_pull_policy": "Always",
                            "lifecycle": [],
                            "liveness_probe": [],
                            "name": "redis",
                            "port": [
                              {
                                "container_port": 6379,
                                "host_ip": "",
                                "host_port": 0,
                                "name": "",
                                "protocol": "TCP"
                              }
                            ],
                            "readiness_probe": [],
                            "resources": [
                              {
                                "limits": {},
                                "requests": {}
                              }
                            ],
                            "security_context": [],
                            "startup_probe": [],
                            "stdin": false,
                            "stdin_once": false,
                            "termination_message_path": "/dev/termination-log",
                            "termination_message_policy": "File",
                            "tty": false,
                            "volume_mount": [],
                            "working_dir": ""
                          }
                        ],
                        "dns_config": [],
                        "dns_policy": "ClusterFirst",
                        "enable_service_links": true,
                        "host_aliases": [],
                        "host_ipc": false,
                        "host_network": false,
                        "host_pid": false,
                        "hostname": "",
                        "image_pull_secrets": [],
                        "init_container": [],
                        "node_name": "",
                        "node_selector": {},
                        "os": [],
                        "priority_class_name": "",
                        "readiness_gate": [],
                        "restart_policy": "Always",
                        "runtime_class_name": "",
                        "scheduler_name": "default-scheduler",
                        "security_context": [],
                        "service_account_name": "",
                        "share_process_namespace": false,
                        "subdomain": "",
                        "termination_grace_period_seconds": 30,
                        "toleration": [],
                        "topology_spread_constraint": [],
                        "volume": []
                      }
                    ]
                  }
                ]
              }
            ],
            "timeouts": null,
            "wait_for_rollout": true
          },
          "sensitive_attributes": [],
          "private": "eyJlMmJmYjczMC1lY2FhLTExZTYtOGY4OC0zNDM2M2JjN2M0YzAiOnsiY3JlYXRlIjo2MDAwMDAwMDAwMDAsImRlbGV0ZSI6NjAwMDAwMDAwMDAwLCJ1cGRhdGUiOjYwMDAwMDAwMDAwMH0sInNjaGVtYV92ZXJzaW9uIjoiMSJ9",
          "dependencies": [
            "kubernetes_namespace.student_ns"
          ]
        }
      ]
    },
    {
      "mode": "managed",
      "type": "kubernetes_namespace",
      "name": "student_ns",
      "provider": "provider[\"registry.terraform.io/hashicorp/kubernetes\"]",
      "instances": [
        {
          "schema_version": 0,
          "attributes": {
            "id": "student-backend",
            "metadata": [
              {
                "annotations": {},
                "generate_name": "",
                "generation": 0,
                "labels": {},
                "name": "student-backend",
                "resource_version": "1766439626",
                "uid": "79c6e768-64c5-443b-b429-9658bb0417c3"
              }
            ],
            "timeouts": null,
            "wait_for_default_service_account": false
          },
          "sensitive_attributes": [],
          "private": "eyJlMmJmYjczMC1lY2FhLTExZTYtOGY4OC0zNDM2M2JjN2M0YzAiOnsiZGVsZXRlIjozMDAwMDAwMDAwMDB9fQ=="
        }
      ]
    },
    {
      "mode": "managed",
      "type": "kubernetes_service",
      "name": "backend",
      "provider": "provider[\"registry.terraform.io/hashicorp/kubernetes\"]",
      "instances": [
        {
          "schema_version": 1,
          "attributes": {
            "id": "student-backend/backend-service",
            "metadata": [
              {
                "annotations": {},
                "generate_name": "",
                "generation": 0,
                "labels": {},
                "name": "backend-service",
                "namespace": "student-backend",
                "resource_version": "1766902415",
                "uid": "d1ffbd7f-ec04-4d79-ac6d-04a08665452d"
              }
            ],
            "spec": [
              {
                "allocate_load_balancer_node_ports": true,
                "cluster_ip": "10.3.18.127",
                "cluster_ips": [
                  "10.3.18.127"
                ],
                "external_ips": [],
                "external_name": "",
                "external_traffic_policy": "",
                "health_check_node_port": 0,
                "internal_traffic_policy": "Cluster",
                "ip_families": [
                  "IPv4"
                ],
                "ip_family_policy": "SingleStack",
                "load_balancer_class": "",
                "load_balancer_ip": "",
                "load_balancer_source_ranges": [],
                "port": [
                  {
                    "app_protocol": "",
                    "name": "",
                    "node_port": 0,
                    "port": 8080,
                    "protocol": "TCP",
                    "target_port": "8080"
                  }
                ],
                "publish_not_ready_addresses": false,
                "selector": {
                  "app": "backend"
                },
                "session_affinity": "None",
                "session_affinity_config": [],
                "type": "ClusterIP"
              }
            ],
            "status": [
              {
                "load_balancer": [
                  {
                    "ingress": []
                  }
                ]
              }
            ],
            "timeouts": null,
            "wait_for_load_balancer": true
          },
          "sensitive_attributes": [],
          "private": "eyJlMmJmYjczMC1lY2FhLTExZTYtOGY4OC0zNDM2M2JjN2M0YzAiOnsiY3JlYXRlIjo2MDAwMDAwMDAwMDB9LCJzY2hlbWFfdmVyc2lvbiI6IjEifQ==",
          "dependencies": [
            "kubernetes_namespace.student_ns"
          ]
        }
      ]
    },
    {
      "mode": "managed",
      "type": "kubernetes_service",
      "name": "db",
      "provider": "provider[\"registry.terraform.io/hashicorp/kubernetes\"]",
      "instances": [
        {
          "schema_version": 1,
          "attributes": {
            "id": "student-backend/db",
            "metadata": [
              {
                "annotations": {},
                "generate_name": "",
                "generation": 0,
                "labels": {},
                "name": "db",
                "namespace": "student-backend",
                "resource_version": "1766730361",
                "uid": "3b93c2a0-8b94-4137-9b3a-794bf9aa4f84"
              }
            ],
            "spec": [
              {
                "allocate_load_balancer_node_ports": true,
                "cluster_ip": "10.3.171.190",
                "cluster_ips": [
                  "10.3.171.190"
                ],
                "external_ips": [],
                "external_name": "",
                "external_traffic_policy": "",
                "health_check_node_port": 0,
                "internal_traffic_policy": "Cluster",
                "ip_families": [
                  "IPv4"
                ],
                "ip_family_policy": "SingleStack",
                "load_balancer_class": "",
                "load_balancer_ip": "",
                "load_balancer_source_ranges": [],
                "port": [
                  {
                    "app_protocol": "",
                    "name": "",
                    "node_port": 0,
                    "port": 5432,
                    "protocol": "TCP",
                    "target_port": "5432"
                  }
                ],
                "publish_not_ready_addresses": false,
                "selector": {
                  "app": "db"
                },
                "session_affinity": "None",
                "session_affinity_config": [],
                "type": "ClusterIP"
              }
            ],
            "status": [
              {
                "load_balancer": [
                  {
                    "ingress": []
                  }
                ]
              }
            ],
            "timeouts": null,
            "wait_for_load_balancer": true
          },
          "sensitive_attributes": [],
          "private": "eyJlMmJmYjczMC1lY2FhLTExZTYtOGY4OC0zNDM2M2JjN2M0YzAiOnsiY3JlYXRlIjo2MDAwMDAwMDAwMDB9LCJzY2hlbWFfdmVyc2lvbiI6IjEifQ==",
          "dependencies": [
            "kubernetes_namespace.student_ns"
          ]
        }
      ]
    },
    {
      "mode": "managed",
      "type": "kubernetes_service",
      "name": "prometheus",
      "provider": "provider[\"registry.terraform.io/hashicorp/kubernetes\"]",
      "instances": [
        {
          "schema_version": 1,
          "attributes": {
            "id": "student-backend/prometheus",
            "metadata": [
              {
                "annotations": {},
                "generate_name": "",
                "generation": 0,
                "labels": {},
                "name": "prometheus",
                "namespace": "student-backend",
                "resource_version": "1766730296",
                "uid": "dfd54c6c-9820-4a31-bdf1-6192de0f0a9f"
              }
            ],
            "spec": [
              {
                "allocate_load_balancer_node_ports": true,
                "cluster_ip": "10.3.17.128",
                "cluster_ips": [
                  "10.3.17.128"
                ],
                "external_ips": [],
                "external_name": "",
                "external_traffic_policy": "",
                "health_check_node_port": 0,
                "internal_traffic_policy": "Cluster",
                "ip_families": [
                  "IPv4"
                ],
                "ip_family_policy": "SingleStack",
                "load_balancer_class": "",
                "load_balancer_ip": "",
                "load_balancer_source_ranges": [],
                "port": [
                  {
                    "app_protocol": "",
                    "name": "",
                    "node_port": 0,
                    "port": 9090,
                    "protocol": "TCP",
                    "target_port": "9090"
                  }
                ],
                "publish_not_ready_addresses": false,
                "selector": {
                  "app": "prometheus"
                },
                "session_affinity": "None",
                "session_affinity_config": [],
                "type": "ClusterIP"
              }
            ],
            "status": [
              {
                "load_balancer": [
                  {
                    "ingress": []
                  }
                ]
              }
            ],
            "timeouts": null,
            "wait_for_load_balancer": true
          },
          "sensitive_attributes": [],
          "private": "eyJlMmJmYjczMC1lY2FhLTExZTYtOGY4OC0zNDM2M2JjN2M0YzAiOnsiY3JlYXRlIjo2MDAwMDAwMDAwMDB9LCJzY2hlbWFfdmVyc2lvbiI6IjEifQ==",
          "dependencies": [
            "kubernetes_namespace.student_ns"
          ]
        }
      ]
    },
    {
      "mode": "managed",
      "type": "kubernetes_service",
      "name": "redis",
      "provider": "provider[\"registry.terraform.io/hashicorp/kubernetes\"]",
      "instances": [
        {
          "schema_version": 1,
          "attributes": {
            "id": "student-backend/redis",
            "metadata": [
              {
                "annotations": {},
                "generate_name": "",
                "generation": 0,
                "labels": {},
                "name": "redis",
                "namespace": "student-backend",
                "resource_version": "1766730328",
                "uid": "5e26c918-8aee-439e-958f-c57b8253b021"
              }
            ],
            "spec": [
              {
                "allocate_load_balancer_node_ports": true,
                "cluster_ip": "10.3.184.60",
                "cluster_ips": [
                  "10.3.184.60"
                ],
                "external_ips": [],
                "external_name": "",
                "external_traffic_policy": "",
                "health_check_node_port": 0,
                "internal_traffic_policy": "Cluster",
                "ip_families": [
                  "IPv4"
                ],
                "ip_family_policy": "SingleStack",
                "load_balancer_class": "",
                "load_balancer_ip": "",
                "load_balancer_source_ranges": [],
                "port": [
                  {
                    "app_protocol": "",
                    "name": "",
                    "node_port": 0,
                    "port": 6379,
                    "protocol": "TCP",
                    "target_port": "6379"
                  }
                ],
                "publish_not_ready_addresses": false,
                "selector": {
                  "app": "redis"
                },
                "session_affinity": "None",
                "session_affinity_config": [],
                "type": "ClusterIP"
              }
            ],
            "status": [
              {
                "load_balancer": [
                  {
                    "ingress": []
                  }
                ]
              }
            ],
            "timeouts": null,
            "wait_for_load_balancer": true
          },
          "sensitive_attributes": [],
          "private": "eyJlMmJmYjczMC1lY2FhLTExZTYtOGY4OC0zNDM2M2JjN2M0YzAiOnsiY3JlYXRlIjo2MDAwMDAwMDAwMDB9LCJzY2hlbWFfdmVyc2lvbiI6IjEifQ==",
          "dependencies": [
            "kubernetes_namespace.student_ns"
          ]
        }
      ]
    }
  ],
  "check_results": null
}
